
Microsoft Visual Studio Solution File, Format Version 12.00
# Visual Studio Version 17
VisualStudioVersion = 17.9.34728.123
MinimumVisualStudioVersion = 10.0.40219.1
Project("{FAE04EC0-301F-11D3-BF4B-00C04F79EFBC}") = "SerializationDemo", "SerializationDemo\SerializationDemo.csproj", "{FF2631B3-1AD2-4C84-89E3-BE905782CE00}"
EndProject
Global
	GlobalSection(SolutionConfigurationPlatforms) = preSolution
		Debug|Any CPU = Debug|Any CPU
		Release|Any CPU = Release|Any CPU
	EndGlobalSection
	GlobalSection(ProjectConfigurationPlatforms) = postSolution
		{FF2631B3-1AD2-4C84-89E3-BE905782CE00}.Debug|Any CPU.ActiveCfg = Debug|Any CPU
		{FF2631B3-1AD2-4C84-89E3-BE905782CE00}.Debug|Any CPU.Build.0 = Debug|Any CPU
		{FF2631B3-1AD2-4C84-89E3-BE905782CE00}.Release|Any CPU.ActiveCfg = Release|Any CPU
		{FF2631B3-1AD2-4C84-89E3-BE905782CE00}.Release|Any CPU.Build.0 = Release|Any CPU
	EndGlobalSection
	GlobalSection(SolutionProperties) = preSolution
		HideSolutionNode = FALSE
	EndGlobalSection
	GlobalSection(ExtensibilityGlobals) = postSolution
		SolutionGuid = {A5DFF627-99F9-40F8-9CD2-A7CF909D5431}
	EndGlobalSection
EndGlobal
